
Microsoft Visual Studio Solution File, Format Version 12.00
# Visual Studio 2013
VisualStudioVersion = 12.0.40629.0
MinimumVisualStudioVersion = 10.0.40219.1
Project("{8BC9CEB8-8B4A-11D0-8D11-00A0C91BC942}") = "libwaitdown", "libwaitdown\libwaitdown.vcxproj", "{BFA2DC5B-9674-4273-ACD2-23C8CED1CCD4}"
EndProject
Project("{8BC9CEB8-8B4A-11D0-8D11-00A0C91BC942}") = "libwaitdownTest", "libwaitdownTest\libwaitdownTest.vcxproj", "{1AE20FCD-D19C-4419-BDF9-CA4380593406}"
EndProject
Project("{FAE04EC0-301F-11D3-BF4B-00C04F79EFBC}") = "libwaitdownTestCS", "libwaitdownTestCS\libwaitdownTestCS.csproj", "{D13D7C50-A89F-4B9B-B8EE-175579CF6ABF}"
EndProject
Global
	GlobalSection(SolutionConfigurationPlatforms) = preSolution
		Debug|Win32 = Debug|Win32
		Release|Win32 = Release|Win32
		Ship|Win32 = Ship|Win32
	EndGlobalSection
	GlobalSection(ProjectConfigurationPlatforms) = postSolution
		{BFA2DC5B-9674-4273-ACD2-23C8CED1CCD4}.Debug|Win32.ActiveCfg = Debug|Win32
		{BFA2DC5B-9674-4273-ACD2-23C8CED1CCD4}.Debug|Win32.Build.0 = Debug|Win32
		{BFA2DC5B-9674-4273-ACD2-23C8CED1CCD4}.Release|Win32.ActiveCfg = Release|Win32
		{BFA2DC5B-9674-4273-ACD2-23C8CED1CCD4}.Release|Win32.Build.0 = Release|Win32
		{BFA2DC5B-9674-4273-ACD2-23C8CED1CCD4}.Ship|Win32.ActiveCfg = Ship|Win32
		{BFA2DC5B-9674-4273-ACD2-23C8CED1CCD4}.Ship|Win32.Build.0 = Ship|Win32
		{1AE20FCD-D19C-4419-BDF9-CA4380593406}.Debug|Win32.ActiveCfg = Debug|Win32
		{1AE20FCD-D19C-4419-BDF9-CA4380593406}.Debug|Win32.Build.0 = Debug|Win32
		{1AE20FCD-D19C-4419-BDF9-CA4380593406}.Release|Win32.ActiveCfg = Release|Win32
		{1AE20FCD-D19C-4419-BDF9-CA4380593406}.Release|Win32.Build.0 = Release|Win32
		{1AE20FCD-D19C-4419-BDF9-CA4380593406}.Ship|Win32.ActiveCfg = Ship|Win32
		{1AE20FCD-D19C-4419-BDF9-CA4380593406}.Ship|Win32.Build.0 = Ship|Win32
		{D13D7C50-A89F-4B9B-B8EE-175579CF6ABF}.Debug|Win32.ActiveCfg = Debug|x86
		{D13D7C50-A89F-4B9B-B8EE-175579CF6ABF}.Debug|Win32.Build.0 = Debug|x86
		{D13D7C50-A89F-4B9B-B8EE-175579CF6ABF}.Release|Win32.ActiveCfg = Release|Any CPU
		{D13D7C50-A89F-4B9B-B8EE-175579CF6ABF}.Ship|Win32.ActiveCfg = Release|Any CPU
	EndGlobalSection
	GlobalSection(SolutionProperties) = preSolution
		HideSolutionNode = FALSE
	EndGlobalSection
EndGlobal
